// !$*UTF8*$!
{
	archiveVersion = 1;
	classes = {
	};
	objectVersion = 70;
	objects = {

/* Begin PBXBuildFile section */
		1BAC24732C52FF960018E44F /* libcorecrypto.tbd in Frameworks */ = {isa = PBXBuildFile; fileRef = 1BAC24712C52FF960018E44F /* libcorecrypto.tbd */; platformFilters = (macos, ); };
		1BAC24742C52FF960018E44F /* libcommonCrypto.tbd in Frameworks */ = {isa = PBXBuildFile; fileRef = 1BAC24722C52FF960018E44F /* libcommonCrypto.tbd */; platformFilters = (macos, ); };
		1BAC24782C52FFFC0018E44F /* libz.tbd in Frameworks */ = {isa = PBXBuildFile; fileRef = 1BAC24772C52FFFC0018E44F /* libz.tbd */; };
		1BAC247A2C5300380018E44F /* libbz2.tbd in Frameworks */ = {isa = PBXBuildFile; fileRef = 1BAC24792C5300380018E44F /* libbz2.tbd */; };
		1BAC247C2C5300630018E44F /* libiconv.tbd in Frameworks */ = {isa = PBXBuildFile; fileRef = 1BAC247B2C5300630018E44F /* libiconv.tbd */; };
		1BACCBCF2C52AE1D0018E44F /* LibAVExtension.appex in Embed ExtensionKit Extensions */ = {isa = PBXBuildFile; fileRef = 1BACCBC72C52AE1D0018E44F /* LibAVExtension.appex */; settings = {ATTRIBUTES = (RemoveHeadersOnCopy, ); }; };
		1BACCBD82C52B9940018E44F /* README.md in Resources */ = {isa = PBXBuildFile; fileRef = 1BACCBD72C52B9940018E44F /* README.md */; };
		1BACCBDF2C52CFCA0018E44F /* libavcodec.a in Frameworks */ = {isa = PBXBuildFile; fileRef = 1BACCBDE2C52CFB30018E44F /* libavcodec.a */; };
		1BACCBE12C52CFE40018E44F /* libavformat.a in Frameworks */ = {isa = PBXBuildFile; fileRef = 1BACCBE02C52CFDA0018E44F /* libavformat.a */; };
		1BB985EB2C5306FB005E59B7 /* libavutil.a in Frameworks */ = {isa = PBXBuildFile; fileRef = 1BB985EA2C5306FB005E59B7 /* libavutil.a */; };
		1BB986352C55EB09005E59B7 /* PLUGIN-NOTES.md in Resources */ = {isa = PBXBuildFile; fileRef = 1BB986342C55EB09005E59B7 /* PLUGIN-NOTES.md */; };
/* End PBXBuildFile section */

/* Begin PBXContainerItemProxy section */
		1BACCBA72C52ACBF0018E44F /* PBXContainerItemProxy */ = {
			isa = PBXContainerItemProxy;
			containerPortal = 1BACCB8D2C52ACBE0018E44F /* Project object */;
			proxyType = 1;
			remoteGlobalIDString = 1BACCB942C52ACBE0018E44F;
			remoteInfo = LibAVExtensionHost;
		};
		1BACCBB12C52ACBF0018E44F /* PBXContainerItemProxy */ = {
			isa = PBXContainerItemProxy;
			containerPortal = 1BACCB8D2C52ACBE0018E44F /* Project object */;
			proxyType = 1;
			remoteGlobalIDString = 1BACCB942C52ACBE0018E44F;
			remoteInfo = LibAVExtensionHost;
		};
		1BACCBCD2C52AE1D0018E44F /* PBXContainerItemProxy */ = {
			isa = PBXContainerItemProxy;
			containerPortal = 1BACCB8D2C52ACBE0018E44F /* Project object */;
			proxyType = 1;
			remoteGlobalIDString = 1BACCBC62C52AE1D0018E44F;
			remoteInfo = LibAVExtension;
		};
/* End PBXContainerItemProxy section */

/* Begin PBXCopyFilesBuildPhase section */
		1BACCBD42C52AE1D0018E44F /* Embed ExtensionKit Extensions */ = {
			isa = PBXCopyFilesBuildPhase;
			buildActionMask = 2147483647;
			dstPath = "$(EXTENSIONS_FOLDER_PATH)";
			dstSubfolderSpec = 16;
			files = (
				1BACCBCF2C52AE1D0018E44F /* LibAVExtension.appex in Embed ExtensionKit Extensions */,
			);
			name = "Embed ExtensionKit Extensions";
			runOnlyForDeploymentPostprocessing = 0;
		};
/* End PBXCopyFilesBuildPhase section */

/* Begin PBXFileReference section */
		1BAC24712C52FF960018E44F /* libcorecrypto.tbd */ = {isa = PBXFileReference; lastKnownFileType = "sourcecode.text-based-dylib-definition"; name = libcorecrypto.tbd; path = usr/lib/system/libcorecrypto.tbd; sourceTree = SDKROOT; };
		1BAC24722C52FF960018E44F /* libcommonCrypto.tbd */ = {isa = PBXFileReference; lastKnownFileType = "sourcecode.text-based-dylib-definition"; name = libcommonCrypto.tbd; path = usr/lib/system/libcommonCrypto.tbd; sourceTree = SDKROOT; };
		1BAC24752C52FFEC0018E44F /* libdz.tbd */ = {isa = PBXFileReference; lastKnownFileType = "sourcecode.text-based-dylib-definition"; name = libdz.tbd; path = usr/lib/libdz.tbd; sourceTree = SDKROOT; };
		1BAC24772C52FFFC0018E44F /* libz.tbd */ = {isa = PBXFileReference; lastKnownFileType = "sourcecode.text-based-dylib-definition"; name = libz.tbd; path = usr/lib/libz.tbd; sourceTree = SDKROOT; };
		1BAC24792C5300380018E44F /* libbz2.tbd */ = {isa = PBXFileReference; lastKnownFileType = "sourcecode.text-based-dylib-definition"; name = libbz2.tbd; path = usr/lib/libbz2.tbd; sourceTree = SDKROOT; };
		1BAC247B2C5300630018E44F /* libiconv.tbd */ = {isa = PBXFileReference; lastKnownFileType = "sourcecode.text-based-dylib-definition"; name = libiconv.tbd; path = usr/lib/libiconv.tbd; sourceTree = SDKROOT; };
		1BACCB952C52ACBE0018E44F /* LibAVExtensionHost.app */ = {isa = PBXFileReference; explicitFileType = wrapper.application; includeInIndex = 0; path = LibAVExtensionHost.app; sourceTree = BUILT_PRODUCTS_DIR; };
		1BACCBA62C52ACBF0018E44F /* LibAVExtensionHostTests.xctest */ = {isa = PBXFileReference; explicitFileType = wrapper.cfbundle; includeInIndex = 0; path = LibAVExtensionHostTests.xctest; sourceTree = BUILT_PRODUCTS_DIR; };
		1BACCBB02C52ACBF0018E44F /* LibAVExtensionHostUITests.xctest */ = {isa = PBXFileReference; explicitFileType = wrapper.cfbundle; includeInIndex = 0; path = LibAVExtensionHostUITests.xctest; sourceTree = BUILT_PRODUCTS_DIR; };
		1BACCBC72C52AE1D0018E44F /* LibAVExtension.appex */ = {isa = PBXFileReference; explicitFileType = "wrapper.extensionkit-extension"; includeInIndex = 0; path = LibAVExtension.appex; sourceTree = BUILT_PRODUCTS_DIR; };
		1BACCBD72C52B9940018E44F /* README.md */ = {isa = PBXFileReference; lastKnownFileType = net.daringfireball.markdown; path = README.md; sourceTree = "<group>"; };
		1BACCBDE2C52CFB30018E44F /* libavcodec.a */ = {isa = PBXFileReference; lastKnownFileType = archive.ar; name = libavcodec.a; path = ffmpeg/libavcodec/libavcodec.a; sourceTree = "<group>"; };
		1BACCBE02C52CFDA0018E44F /* libavformat.a */ = {isa = PBXFileReference; lastKnownFileType = archive.ar; name = libavformat.a; path = ffmpeg/libavformat/libavformat.a; sourceTree = "<group>"; };
		1BB985EA2C5306FB005E59B7 /* libavutil.a */ = {isa = PBXFileReference; lastKnownFileType = archive.ar; path = libavutil.a; sourceTree = "<group>"; };
		1BB986342C55EB09005E59B7 /* PLUGIN-NOTES.md */ = {isa = PBXFileReference; lastKnownFileType = net.daringfireball.markdown; path = "PLUGIN-NOTES.md"; sourceTree = "<group>"; };
/* End PBXFileReference section */

/* Begin PBXFileSystemSynchronizedBuildFileExceptionSet section */
		1BACCBD02C52AE1D0018E44F /* PBXFileSystemSynchronizedBuildFileExceptionSet */ = {
			isa = PBXFileSystemSynchronizedBuildFileExceptionSet;
			membershipExceptions = (
				Info.plist,
				LibAVSampleCursor_old.m,
			);
			target = 1BACCBC62C52AE1D0018E44F /* LibAVExtension */;
		};
/* End PBXFileSystemSynchronizedBuildFileExceptionSet section */

/* Begin PBXFileSystemSynchronizedRootGroup section */
		1BACCB972C52ACBE0018E44F /* LibAVExtensionHost */ = {isa = PBXFileSystemSynchronizedRootGroup; explicitFileTypes = {}; explicitFolders = (); path = LibAVExtensionHost; sourceTree = "<group>"; };
		1BACCBA92C52ACBF0018E44F /* LibAVExtensionHostTests */ = {isa = PBXFileSystemSynchronizedRootGroup; explicitFileTypes = {}; explicitFolders = (); path = LibAVExtensionHostTests; sourceTree = "<group>"; };
		1BACCBB32C52ACBF0018E44F /* LibAVExtensionHostUITests */ = {isa = PBXFileSystemSynchronizedRootGroup; explicitFileTypes = {}; explicitFolders = (); path = LibAVExtensionHostUITests; sourceTree = "<group>"; };
		1BACCBC82C52AE1D0018E44F /* LibAVExtension */ = {isa = PBXFileSystemSynchronizedRootGroup; exceptions = (1BACCBD02C52AE1D0018E44F /* PBXFileSystemSynchronizedBuildFileExceptionSet */, ); explicitFileTypes = {}; explicitFolders = (); path = LibAVExtension; sourceTree = "<group>"; };
/* End PBXFileSystemSynchronizedRootGroup section */

/* Begin PBXFrameworksBuildPhase section */
		1BACCB922C52ACBE0018E44F /* Frameworks */ = {
			isa = PBXFrameworksBuildPhase;
			buildActionMask = 2147483647;
			files = (
			);
			runOnlyForDeploymentPostprocessing = 0;
		};
		1BACCBA32C52ACBF0018E44F /* Frameworks */ = {
			isa = PBXFrameworksBuildPhase;
			buildActionMask = 2147483647;
			files = (
			);
			runOnlyForDeploymentPostprocessing = 0;
		};
		1BACCBAD2C52ACBF0018E44F /* Frameworks */ = {
			isa = PBXFrameworksBuildPhase;
			buildActionMask = 2147483647;
			files = (
			);
			runOnlyForDeploymentPostprocessing = 0;
		};
		1BACCBC42C52AE1D0018E44F /* Frameworks */ = {
			isa = PBXFrameworksBuildPhase;
			buildActionMask = 2147483647;
			files = (
				1BB985EB2C5306FB005E59B7 /* libavutil.a in Frameworks */,
				1BAC247C2C5300630018E44F /* libiconv.tbd in Frameworks */,
				1BAC247A2C5300380018E44F /* libbz2.tbd in Frameworks */,
				1BAC24782C52FFFC0018E44F /* libz.tbd in Frameworks */,
				1BAC24732C52FF960018E44F /* libcorecrypto.tbd in Frameworks */,
				1BAC24742C52FF960018E44F /* libcommonCrypto.tbd in Frameworks */,
				1BACCBDF2C52CFCA0018E44F /* libavcodec.a in Frameworks */,
				1BACCBE12C52CFE40018E44F /* libavformat.a in Frameworks */,
			);
			runOnlyForDeploymentPostprocessing = 0;
		};
/* End PBXFrameworksBuildPhase section */

/* Begin PBXGroup section */
		1BACCB8C2C52ACBE0018E44F = {
			isa = PBXGroup;
			children = (
				1BB986342C55EB09005E59B7 /* PLUGIN-NOTES.md */,
				1BACCBD72C52B9940018E44F /* README.md */,
				1BACCB972C52ACBE0018E44F /* LibAVExtensionHost */,
				1BACCBA92C52ACBF0018E44F /* LibAVExtensionHostTests */,
				1BACCBB32C52ACBF0018E44F /* LibAVExtensionHostUITests */,
				1BACCBC82C52AE1D0018E44F /* LibAVExtension */,
				1BACCB962C52ACBE0018E44F /* Products */,
				1BACCBDB2C52CF650018E44F /* Frameworks */,
			);
			sourceTree = "<group>";
		};
		1BACCB962C52ACBE0018E44F /* Products */ = {
			isa = PBXGroup;
			children = (
				1BACCB952C52ACBE0018E44F /* LibAVExtensionHost.app */,
				1BACCBA62C52ACBF0018E44F /* LibAVExtensionHostTests.xctest */,
				1BACCBB02C52ACBF0018E44F /* LibAVExtensionHostUITests.xctest */,
				1BACCBC72C52AE1D0018E44F /* LibAVExtension.appex */,
			);
			name = Products;
			sourceTree = "<group>";
		};
		1BACCBDB2C52CF650018E44F /* Frameworks */ = {
			isa = PBXGroup;
			children = (
				1BAC247B2C5300630018E44F /* libiconv.tbd */,
				1BAC24792C5300380018E44F /* libbz2.tbd */,
				1BAC24772C52FFFC0018E44F /* libz.tbd */,
				1BAC24752C52FFEC0018E44F /* libdz.tbd */,
				1BAC24722C52FF960018E44F /* libcommonCrypto.tbd */,
				1BAC24712C52FF960018E44F /* libcorecrypto.tbd */,
				1BACCBE02C52CFDA0018E44F /* libavformat.a */,
				1BACCBDE2C52CFB30018E44F /* libavcodec.a */,
				1BB985EA2C5306FB005E59B7 /* libavutil.a */,
			);
			name = Frameworks;
			sourceTree = "<group>";
		};
/* End PBXGroup section */

/* Begin PBXNativeTarget section */
		1BACCB942C52ACBE0018E44F /* LibAVExtensionHost */ = {
			isa = PBXNativeTarget;
			buildConfigurationList = 1BACCBBA2C52ACBF0018E44F /* Build configuration list for PBXNativeTarget "LibAVExtensionHost" */;
			buildPhases = (
				1BACCB912C52ACBE0018E44F /* Sources */,
				1BACCB922C52ACBE0018E44F /* Frameworks */,
				1BACCB932C52ACBE0018E44F /* Resources */,
				1BACCBD42C52AE1D0018E44F /* Embed ExtensionKit Extensions */,
			);
			buildRules = (
			);
			dependencies = (
				1BACCBCE2C52AE1D0018E44F /* PBXTargetDependency */,
			);
			fileSystemSynchronizedGroups = (
				1BACCB972C52ACBE0018E44F /* LibAVExtensionHost */,
			);
			name = LibAVExtensionHost;
			packageProductDependencies = (
			);
			productName = LibAVExtensionHost;
			productReference = 1BACCB952C52ACBE0018E44F /* LibAVExtensionHost.app */;
			productType = "com.apple.product-type.application";
		};
		1BACCBA52C52ACBF0018E44F /* LibAVExtensionHostTests */ = {
			isa = PBXNativeTarget;
			buildConfigurationList = 1BACCBBD2C52ACBF0018E44F /* Build configuration list for PBXNativeTarget "LibAVExtensionHostTests" */;
			buildPhases = (
				1BACCBA22C52ACBF0018E44F /* Sources */,
				1BACCBA32C52ACBF0018E44F /* Frameworks */,
				1BACCBA42C52ACBF0018E44F /* Resources */,
			);
			buildRules = (
			);
			dependencies = (
				1BACCBA82C52ACBF0018E44F /* PBXTargetDependency */,
			);
			fileSystemSynchronizedGroups = (
				1BACCBA92C52ACBF0018E44F /* LibAVExtensionHostTests */,
			);
			name = LibAVExtensionHostTests;
			packageProductDependencies = (
			);
			productName = LibAVExtensionHostTests;
			productReference = 1BACCBA62C52ACBF0018E44F /* LibAVExtensionHostTests.xctest */;
			productType = "com.apple.product-type.bundle.unit-test";
		};
		1BACCBAF2C52ACBF0018E44F /* LibAVExtensionHostUITests */ = {
			isa = PBXNativeTarget;
			buildConfigurationList = 1BACCBC02C52ACBF0018E44F /* Build configuration list for PBXNativeTarget "LibAVExtensionHostUITests" */;
			buildPhases = (
				1BACCBAC2C52ACBF0018E44F /* Sources */,
				1BACCBAD2C52ACBF0018E44F /* Frameworks */,
				1BACCBAE2C52ACBF0018E44F /* Resources */,
			);
			buildRules = (
			);
			dependencies = (
				1BACCBB22C52ACBF0018E44F /* PBXTargetDependency */,
			);
			fileSystemSynchronizedGroups = (
				1BACCBB32C52ACBF0018E44F /* LibAVExtensionHostUITests */,
			);
			name = LibAVExtensionHostUITests;
			packageProductDependencies = (
			);
			productName = LibAVExtensionHostUITests;
			productReference = 1BACCBB02C52ACBF0018E44F /* LibAVExtensionHostUITests.xctest */;
			productType = "com.apple.product-type.bundle.ui-testing";
		};
		1BACCBC62C52AE1D0018E44F /* LibAVExtension */ = {
			isa = PBXNativeTarget;
			buildConfigurationList = 1BACCBD12C52AE1D0018E44F /* Build configuration list for PBXNativeTarget "LibAVExtension" */;
			buildPhases = (
				1BACCBC32C52AE1D0018E44F /* Sources */,
				1BACCBC42C52AE1D0018E44F /* Frameworks */,
				1BACCBC52C52AE1D0018E44F /* Resources */,
			);
			buildRules = (
			);
			dependencies = (
			);
			fileSystemSynchronizedGroups = (
				1BACCBC82C52AE1D0018E44F /* LibAVExtension */,
			);
			name = LibAVExtension;
			packageProductDependencies = (
			);
			productName = LibAVExtension;
			productReference = 1BACCBC72C52AE1D0018E44F /* LibAVExtension.appex */;
			productType = "com.apple.product-type.extensionkit-extension";
		};
/* End PBXNativeTarget section */

/* Begin PBXProject section */
		1BACCB8D2C52ACBE0018E44F /* Project object */ = {
			isa = PBXProject;
			attributes = {
				BuildIndependentTargetsInParallel = 1;
				LastSwiftUpdateCheck = 1600;
				LastUpgradeCheck = 1600;
				TargetAttributes = {
					1BACCB942C52ACBE0018E44F = {
						CreatedOnToolsVersion = 16.0;
					};
					1BACCBA52C52ACBF0018E44F = {
						CreatedOnToolsVersion = 16.0;
						TestTargetID = 1BACCB942C52ACBE0018E44F;
					};
					1BACCBAF2C52ACBF0018E44F = {
						CreatedOnToolsVersion = 16.0;
						TestTargetID = 1BACCB942C52ACBE0018E44F;
					};
					1BACCBC62C52AE1D0018E44F = {
						CreatedOnToolsVersion = 16.0;
						LastSwiftMigration = 1600;
					};
				};
			};
			buildConfigurationList = 1BACCB902C52ACBE0018E44F /* Build configuration list for PBXProject "LibAVExtensionHost" */;
			compatibilityVersion = "Xcode 15.0";
			developmentRegion = en;
			hasScannedForEncodings = 0;
			knownRegions = (
				en,
				Base,
			);
			mainGroup = 1BACCB8C2C52ACBE0018E44F;
			productRefGroup = 1BACCB962C52ACBE0018E44F /* Products */;
			projectDirPath = "";
			projectRoot = "";
			targets = (
				1BACCB942C52ACBE0018E44F /* LibAVExtensionHost */,
				1BACCBA52C52ACBF0018E44F /* LibAVExtensionHostTests */,
				1BACCBAF2C52ACBF0018E44F /* LibAVExtensionHostUITests */,
				1BACCBC62C52AE1D0018E44F /* LibAVExtension */,
			);
		};
/* End PBXProject section */

/* Begin PBXResourcesBuildPhase section */
		1BACCB932C52ACBE0018E44F /* Resources */ = {
			isa = PBXResourcesBuildPhase;
			buildActionMask = 2147483647;
			files = (
			);
			runOnlyForDeploymentPostprocessing = 0;
		};
		1BACCBA42C52ACBF0018E44F /* Resources */ = {
			isa = PBXResourcesBuildPhase;
			buildActionMask = 2147483647;
			files = (
			);
			runOnlyForDeploymentPostprocessing = 0;
		};
		1BACCBAE2C52ACBF0018E44F /* Resources */ = {
			isa = PBXResourcesBuildPhase;
			buildActionMask = 2147483647;
			files = (
			);
			runOnlyForDeploymentPostprocessing = 0;
		};
		1BACCBC52C52AE1D0018E44F /* Resources */ = {
			isa = PBXResourcesBuildPhase;
			buildActionMask = 2147483647;
			files = (
				1BACCBD82C52B9940018E44F /* README.md in Resources */,
				1BB986352C55EB09005E59B7 /* PLUGIN-NOTES.md in Resources */,
			);
			runOnlyForDeploymentPostprocessing = 0;
		};
/* End PBXResourcesBuildPhase section */

/* Begin PBXSourcesBuildPhase section */
		1BACCB912C52ACBE0018E44F /* Sources */ = {
			isa = PBXSourcesBuildPhase;
			buildActionMask = 2147483647;
			files = (
			);
			runOnlyForDeploymentPostprocessing = 0;
		};
		1BACCBA22C52ACBF0018E44F /* Sources */ = {
			isa = PBXSourcesBuildPhase;
			buildActionMask = 2147483647;
			files = (
			);
			runOnlyForDeploymentPostprocessing = 0;
		};
		1BACCBAC2C52ACBF0018E44F /* Sources */ = {
			isa = PBXSourcesBuildPhase;
			buildActionMask = 2147483647;
			files = (
			);
			runOnlyForDeploymentPostprocessing = 0;
		};
		1BACCBC32C52AE1D0018E44F /* Sources */ = {
			isa = PBXSourcesBuildPhase;
			buildActionMask = 2147483647;
			files = (
			);
			runOnlyForDeploymentPostprocessing = 0;
		};
/* End PBXSourcesBuildPhase section */

/* Begin PBXTargetDependency section */
		1BACCBA82C52ACBF0018E44F /* PBXTargetDependency */ = {
			isa = PBXTargetDependency;
			target = 1BACCB942C52ACBE0018E44F /* LibAVExtensionHost */;
			targetProxy = 1BACCBA72C52ACBF0018E44F /* PBXContainerItemProxy */;
		};
		1BACCBB22C52ACBF0018E44F /* PBXTargetDependency */ = {
			isa = PBXTargetDependency;
			target = 1BACCB942C52ACBE0018E44F /* LibAVExtensionHost */;
			targetProxy = 1BACCBB12C52ACBF0018E44F /* PBXContainerItemProxy */;
		};
		1BACCBCE2C52AE1D0018E44F /* PBXTargetDependency */ = {
			isa = PBXTargetDependency;
			target = 1BACCBC62C52AE1D0018E44F /* LibAVExtension */;
			targetProxy = 1BACCBCD2C52AE1D0018E44F /* PBXContainerItemProxy */;
		};
/* End PBXTargetDependency section */

/* Begin XCBuildConfiguration section */
		1BACCBB82C52ACBF0018E44F /* Debug */ = {
			isa = XCBuildConfiguration;
			buildSettings = {
				ALWAYS_SEARCH_USER_PATHS = NO;
				ASSETCATALOG_COMPILER_GENERATE_SWIFT_ASSET_SYMBOL_EXTENSIONS = YES;
				CLANG_ANALYZER_NONNULL = YES;
				CLANG_ANALYZER_NUMBER_OBJECT_CONVERSION = YES_AGGRESSIVE;
				CLANG_CXX_LANGUAGE_STANDARD = "gnu++20";
				CLANG_ENABLE_MODULES = YES;
				CLANG_ENABLE_OBJC_ARC = YES;
				CLANG_ENABLE_OBJC_WEAK = YES;
				CLANG_WARN_BLOCK_CAPTURE_AUTORELEASING = YES;
				CLANG_WARN_BOOL_CONVERSION = YES;
				CLANG_WARN_COMMA = YES;
				CLANG_WARN_CONSTANT_CONVERSION = YES;
				CLANG_WARN_DEPRECATED_OBJC_IMPLEMENTATIONS = YES;
				CLANG_WARN_DIRECT_OBJC_ISA_USAGE = YES_ERROR;
				CLANG_WARN_DOCUMENTATION_COMMENTS = YES;
				CLANG_WARN_EMPTY_BODY = YES;
				CLANG_WARN_ENUM_CONVERSION = YES;
				CLANG_WARN_INFINITE_RECURSION = YES;
				CLANG_WARN_INT_CONVERSION = YES;
				CLANG_WARN_NON_LITERAL_NULL_CONVERSION = YES;
				CLANG_WARN_OBJC_IMPLICIT_RETAIN_SELF = YES;
				CLANG_WARN_OBJC_LITERAL_CONVERSION = YES;
				CLANG_WARN_OBJC_ROOT_CLASS = YES_ERROR;
				CLANG_WARN_QUOTED_INCLUDE_IN_FRAMEWORK_HEADER = YES;
				CLANG_WARN_RANGE_LOOP_ANALYSIS = YES;
				CLANG_WARN_STRICT_PROTOTYPES = YES;
				CLANG_WARN_SUSPICIOUS_MOVE = YES;
				CLANG_WARN_UNGUARDED_AVAILABILITY = YES_AGGRESSIVE;
				CLANG_WARN_UNREACHABLE_CODE = YES;
				CLANG_WARN__DUPLICATE_METHOD_MATCH = YES;
				COPY_PHASE_STRIP = NO;
				DEBUG_INFORMATION_FORMAT = dwarf;
				ENABLE_STRICT_OBJC_MSGSEND = YES;
				ENABLE_TESTABILITY = YES;
				ENABLE_USER_SCRIPT_SANDBOXING = YES;
				GCC_C_LANGUAGE_STANDARD = gnu17;
				GCC_DYNAMIC_NO_PIC = NO;
				GCC_NO_COMMON_BLOCKS = YES;
				GCC_OPTIMIZATION_LEVEL = 0;
				GCC_PREPROCESSOR_DEFINITIONS = (
					"DEBUG=1",
					"$(inherited)",
				);
				GCC_WARN_64_TO_32_BIT_CONVERSION = YES;
				GCC_WARN_ABOUT_RETURN_TYPE = YES_ERROR;
				GCC_WARN_UNDECLARED_SELECTOR = YES;
				GCC_WARN_UNINITIALIZED_AUTOS = YES_AGGRESSIVE;
				GCC_WARN_UNUSED_FUNCTION = YES;
				GCC_WARN_UNUSED_VARIABLE = YES;
				LOCALIZATION_PREFERS_STRING_CATALOGS = YES;
				MTL_ENABLE_DEBUG_INFO = INCLUDE_SOURCE;
				MTL_FAST_MATH = YES;
				ONLY_ACTIVE_ARCH = YES;
				SWIFT_ACTIVE_COMPILATION_CONDITIONS = "DEBUG $(inherited)";
				SWIFT_OPTIMIZATION_LEVEL = "-Onone";
			};
			name = Debug;
		};
		1BACCBB92C52ACBF0018E44F /* Release */ = {
			isa = XCBuildConfiguration;
			buildSettings = {
				ALWAYS_SEARCH_USER_PATHS = NO;
				ASSETCATALOG_COMPILER_GENERATE_SWIFT_ASSET_SYMBOL_EXTENSIONS = YES;
				CLANG_ANALYZER_NONNULL = YES;
				CLANG_ANALYZER_NUMBER_OBJECT_CONVERSION = YES_AGGRESSIVE;
				CLANG_CXX_LANGUAGE_STANDARD = "gnu++20";
				CLANG_ENABLE_MODULES = YES;
				CLANG_ENABLE_OBJC_ARC = YES;
				CLANG_ENABLE_OBJC_WEAK = YES;
				CLANG_WARN_BLOCK_CAPTURE_AUTORELEASING = YES;
				CLANG_WARN_BOOL_CONVERSION = YES;
				CLANG_WARN_COMMA = YES;
				CLANG_WARN_CONSTANT_CONVERSION = YES;
				CLANG_WARN_DEPRECATED_OBJC_IMPLEMENTATIONS = YES;
				CLANG_WARN_DIRECT_OBJC_ISA_USAGE = YES_ERROR;
				CLANG_WARN_DOCUMENTATION_COMMENTS = YES;
				CLANG_WARN_EMPTY_BODY = YES;
				CLANG_WARN_ENUM_CONVERSION = YES;
				CLANG_WARN_INFINITE_RECURSION = YES;
				CLANG_WARN_INT_CONVERSION = YES;
				CLANG_WARN_NON_LITERAL_NULL_CONVERSION = YES;
				CLANG_WARN_OBJC_IMPLICIT_RETAIN_SELF = YES;
				CLANG_WARN_OBJC_LITERAL_CONVERSION = YES;
				CLANG_WARN_OBJC_ROOT_CLASS = YES_ERROR;
				CLANG_WARN_QUOTED_INCLUDE_IN_FRAMEWORK_HEADER = YES;
				CLANG_WARN_RANGE_LOOP_ANALYSIS = YES;
				CLANG_WARN_STRICT_PROTOTYPES = YES;
				CLANG_WARN_SUSPICIOUS_MOVE = YES;
				CLANG_WARN_UNGUARDED_AVAILABILITY = YES_AGGRESSIVE;
				CLANG_WARN_UNREACHABLE_CODE = YES;
				CLANG_WARN__DUPLICATE_METHOD_MATCH = YES;
				COPY_PHASE_STRIP = NO;
				DEBUG_INFORMATION_FORMAT = "dwarf-with-dsym";
				ENABLE_NS_ASSERTIONS = NO;
				ENABLE_STRICT_OBJC_MSGSEND = YES;
				ENABLE_USER_SCRIPT_SANDBOXING = YES;
				GCC_C_LANGUAGE_STANDARD = gnu17;
				GCC_NO_COMMON_BLOCKS = YES;
				GCC_WARN_64_TO_32_BIT_CONVERSION = YES;
				GCC_WARN_ABOUT_RETURN_TYPE = YES_ERROR;
				GCC_WARN_UNDECLARED_SELECTOR = YES;
				GCC_WARN_UNINITIALIZED_AUTOS = YES_AGGRESSIVE;
				GCC_WARN_UNUSED_FUNCTION = YES;
				GCC_WARN_UNUSED_VARIABLE = YES;
				LOCALIZATION_PREFERS_STRING_CATALOGS = YES;
				MTL_ENABLE_DEBUG_INFO = NO;
				MTL_FAST_MATH = YES;
				SWIFT_COMPILATION_MODE = wholemodule;
			};
			name = Release;
		};
		1BACCBBB2C52ACBF0018E44F /* Debug */ = {
			isa = XCBuildConfiguration;
			buildSettings = {
				ASSETCATALOG_COMPILER_APPICON_NAME = AppIcon;
				ASSETCATALOG_COMPILER_GLOBAL_ACCENT_COLOR_NAME = AccentColor;
				CODE_SIGN_ENTITLEMENTS = LibAVExtensionHost/LibAVExtensionHost.entitlements;
				CODE_SIGN_STYLE = Automatic;
				CURRENT_PROJECT_VERSION = 1;
				DEVELOPMENT_ASSET_PATHS = "\"LibAVExtensionHost/Preview Content\"";
				DEVELOPMENT_TEAM = SHG3AW6YV7;
				ENABLE_HARDENED_RUNTIME = NO;
				ENABLE_PREVIEWS = YES;
				GENERATE_INFOPLIST_FILE = YES;
				"INFOPLIST_KEY_UIApplicationSceneManifest_Generation[sdk=iphoneos*]" = YES;
				"INFOPLIST_KEY_UIApplicationSceneManifest_Generation[sdk=iphonesimulator*]" = YES;
				"INFOPLIST_KEY_UIApplicationSupportsIndirectInputEvents[sdk=iphoneos*]" = YES;
				"INFOPLIST_KEY_UIApplicationSupportsIndirectInputEvents[sdk=iphonesimulator*]" = YES;
				"INFOPLIST_KEY_UILaunchScreen_Generation[sdk=iphoneos*]" = YES;
				"INFOPLIST_KEY_UILaunchScreen_Generation[sdk=iphonesimulator*]" = YES;
				"INFOPLIST_KEY_UIStatusBarStyle[sdk=iphoneos*]" = UIStatusBarStyleDefault;
				"INFOPLIST_KEY_UIStatusBarStyle[sdk=iphonesimulator*]" = UIStatusBarStyleDefault;
				INFOPLIST_KEY_UISupportedInterfaceOrientations_iPad = "UIInterfaceOrientationPortrait UIInterfaceOrientationPortraitUpsideDown UIInterfaceOrientationLandscapeLeft UIInterfaceOrientationLandscapeRight";
				INFOPLIST_KEY_UISupportedInterfaceOrientations_iPhone = "UIInterfaceOrientationPortrait UIInterfaceOrientationLandscapeLeft UIInterfaceOrientationLandscapeRight";
				IPHONEOS_DEPLOYMENT_TARGET = 18.0;
				LD_RUNPATH_SEARCH_PATHS = "@executable_path/Frameworks";
				"LD_RUNPATH_SEARCH_PATHS[sdk=macosx*]" = "@executable_path/../Frameworks";
				MACOSX_DEPLOYMENT_TARGET = 15.0;
				MARKETING_VERSION = 1.0;
				PRODUCT_BUNDLE_IDENTIFIER = info.vade.LibAVExtensionHost;
				PRODUCT_NAME = "$(TARGET_NAME)";
				SDKROOT = auto;
				SUPPORTED_PLATFORMS = "iphoneos iphonesimulator macosx xros xrsimulator";
				SWIFT_EMIT_LOC_STRINGS = YES;
				SWIFT_VERSION = 5.0;
				TARGETED_DEVICE_FAMILY = "1,2,7";
				XROS_DEPLOYMENT_TARGET = 2.0;
			};
			name = Debug;
		};
		1BACCBBC2C52ACBF0018E44F /* Release */ = {
			isa = XCBuildConfiguration;
			buildSettings = {
				ASSETCATALOG_COMPILER_APPICON_NAME = AppIcon;
				ASSETCATALOG_COMPILER_GLOBAL_ACCENT_COLOR_NAME = AccentColor;
				CODE_SIGN_ENTITLEMENTS = LibAVExtensionHost/LibAVExtensionHost.entitlements;
				CODE_SIGN_STYLE = Automatic;
				CURRENT_PROJECT_VERSION = 1;
				DEVELOPMENT_ASSET_PATHS = "\"LibAVExtensionHost/Preview Content\"";
				DEVELOPMENT_TEAM = SHG3AW6YV7;
				ENABLE_HARDENED_RUNTIME = NO;
				ENABLE_PREVIEWS = YES;
				GENERATE_INFOPLIST_FILE = YES;
				"INFOPLIST_KEY_UIApplicationSceneManifest_Generation[sdk=iphoneos*]" = YES;
				"INFOPLIST_KEY_UIApplicationSceneManifest_Generation[sdk=iphonesimulator*]" = YES;
				"INFOPLIST_KEY_UIApplicationSupportsIndirectInputEvents[sdk=iphoneos*]" = YES;
				"INFOPLIST_KEY_UIApplicationSupportsIndirectInputEvents[sdk=iphonesimulator*]" = YES;
				"INFOPLIST_KEY_UILaunchScreen_Generation[sdk=iphoneos*]" = YES;
				"INFOPLIST_KEY_UILaunchScreen_Generation[sdk=iphonesimulator*]" = YES;
				"INFOPLIST_KEY_UIStatusBarStyle[sdk=iphoneos*]" = UIStatusBarStyleDefault;
				"INFOPLIST_KEY_UIStatusBarStyle[sdk=iphonesimulator*]" = UIStatusBarStyleDefault;
				INFOPLIST_KEY_UISupportedInterfaceOrientations_iPad = "UIInterfaceOrientationPortrait UIInterfaceOrientationPortraitUpsideDown UIInterfaceOrientationLandscapeLeft UIInterfaceOrientationLandscapeRight";
				INFOPLIST_KEY_UISupportedInterfaceOrientations_iPhone = "UIInterfaceOrientationPortrait UIInterfaceOrientationLandscapeLeft UIInterfaceOrientationLandscapeRight";
				IPHONEOS_DEPLOYMENT_TARGET = 18.0;
				LD_RUNPATH_SEARCH_PATHS = "@executable_path/Frameworks";
				"LD_RUNPATH_SEARCH_PATHS[sdk=macosx*]" = "@executable_path/../Frameworks";
				MACOSX_DEPLOYMENT_TARGET = 15.0;
				MARKETING_VERSION = 1.0;
				PRODUCT_BUNDLE_IDENTIFIER = info.vade.LibAVExtensionHost;
				PRODUCT_NAME = "$(TARGET_NAME)";
				SDKROOT = auto;
				SUPPORTED_PLATFORMS = "iphoneos iphonesimulator macosx xros xrsimulator";
				SWIFT_EMIT_LOC_STRINGS = YES;
				SWIFT_VERSION = 5.0;
				TARGETED_DEVICE_FAMILY = "1,2,7";
				XROS_DEPLOYMENT_TARGET = 2.0;
			};
			name = Release;
		};
		1BACCBBE2C52ACBF0018E44F /* Debug */ = {
			isa = XCBuildConfiguration;
			buildSettings = {
				BUNDLE_LOADER = "$(TEST_HOST)";
				CODE_SIGN_STYLE = Automatic;
				CURRENT_PROJECT_VERSION = 1;
				DEVELOPMENT_TEAM = SHG3AW6YV7;
				GENERATE_INFOPLIST_FILE = YES;
				IPHONEOS_DEPLOYMENT_TARGET = 18.0;
				MACOSX_DEPLOYMENT_TARGET = 15.0;
				MARKETING_VERSION = 1.0;
				PRODUCT_BUNDLE_IDENTIFIER = info.vade.LibAVExtensionHostTests;
				PRODUCT_NAME = "$(TARGET_NAME)";
				SDKROOT = auto;
				SUPPORTED_PLATFORMS = "iphoneos iphonesimulator macosx xros xrsimulator";
				SWIFT_EMIT_LOC_STRINGS = NO;
				SWIFT_VERSION = 5.0;
				TARGETED_DEVICE_FAMILY = "1,2,7";
				TEST_HOST = "$(BUILT_PRODUCTS_DIR)/LibAVExtensionHost.app/$(BUNDLE_EXECUTABLE_FOLDER_PATH)/LibAVExtensionHost";
				XROS_DEPLOYMENT_TARGET = 2.0;
			};
			name = Debug;
		};
		1BACCBBF2C52ACBF0018E44F /* Release */ = {
			isa = XCBuildConfiguration;
			buildSettings = {
				BUNDLE_LOADER = "$(TEST_HOST)";
				CODE_SIGN_STYLE = Automatic;
				CURRENT_PROJECT_VERSION = 1;
				DEVELOPMENT_TEAM = SHG3AW6YV7;
				GENERATE_INFOPLIST_FILE = YES;
				IPHONEOS_DEPLOYMENT_TARGET = 18.0;
				MACOSX_DEPLOYMENT_TARGET = 15.0;
				MARKETING_VERSION = 1.0;
				PRODUCT_BUNDLE_IDENTIFIER = info.vade.LibAVExtensionHostTests;
				PRODUCT_NAME = "$(TARGET_NAME)";
				SDKROOT = auto;
				SUPPORTED_PLATFORMS = "iphoneos iphonesimulator macosx xros xrsimulator";
				SWIFT_EMIT_LOC_STRINGS = NO;
				SWIFT_VERSION = 5.0;
				TARGETED_DEVICE_FAMILY = "1,2,7";
				TEST_HOST = "$(BUILT_PRODUCTS_DIR)/LibAVExtensionHost.app/$(BUNDLE_EXECUTABLE_FOLDER_PATH)/LibAVExtensionHost";
				XROS_DEPLOYMENT_TARGET = 2.0;
			};
			name = Release;
		};
		1BACCBC12C52ACBF0018E44F /* Debug */ = {
			isa = XCBuildConfiguration;
			buildSettings = {
				CODE_SIGN_STYLE = Automatic;
				CURRENT_PROJECT_VERSION = 1;
				DEVELOPMENT_TEAM = SHG3AW6YV7;
				GENERATE_INFOPLIST_FILE = YES;
				IPHONEOS_DEPLOYMENT_TARGET = 18.0;
				MACOSX_DEPLOYMENT_TARGET = 15.0;
				MARKETING_VERSION = 1.0;
				PRODUCT_BUNDLE_IDENTIFIER = info.vade.LibAVExtensionHostUITests;
				PRODUCT_NAME = "$(TARGET_NAME)";
				SDKROOT = auto;
				SUPPORTED_PLATFORMS = "iphoneos iphonesimulator macosx xros xrsimulator";
				SWIFT_EMIT_LOC_STRINGS = NO;
				SWIFT_VERSION = 5.0;
				TARGETED_DEVICE_FAMILY = "1,2,7";
				TEST_TARGET_NAME = LibAVExtensionHost;
				XROS_DEPLOYMENT_TARGET = 2.0;
			};
			name = Debug;
		};
		1BACCBC22C52ACBF0018E44F /* Release */ = {
			isa = XCBuildConfiguration;
			buildSettings = {
				CODE_SIGN_STYLE = Automatic;
				CURRENT_PROJECT_VERSION = 1;
				DEVELOPMENT_TEAM = SHG3AW6YV7;
				GENERATE_INFOPLIST_FILE = YES;
				IPHONEOS_DEPLOYMENT_TARGET = 18.0;
				MACOSX_DEPLOYMENT_TARGET = 15.0;
				MARKETING_VERSION = 1.0;
				PRODUCT_BUNDLE_IDENTIFIER = info.vade.LibAVExtensionHostUITests;
				PRODUCT_NAME = "$(TARGET_NAME)";
				SDKROOT = auto;
				SUPPORTED_PLATFORMS = "iphoneos iphonesimulator macosx xros xrsimulator";
				SWIFT_EMIT_LOC_STRINGS = NO;
				SWIFT_VERSION = 5.0;
				TARGETED_DEVICE_FAMILY = "1,2,7";
				TEST_TARGET_NAME = LibAVExtensionHost;
				XROS_DEPLOYMENT_TARGET = 2.0;
			};
			name = Release;
		};
		1BACCBD22C52AE1D0018E44F /* Debug */ = {
			isa = XCBuildConfiguration;
			buildSettings = {
				CLANG_ENABLE_MODULES = YES;
				CODE_SIGN_ENTITLEMENTS = LibAVExtension/LibAVExtension.entitlements;
				CODE_SIGN_STYLE = Automatic;
				CURRENT_PROJECT_VERSION = 1;
				DEVELOPMENT_TEAM = SHG3AW6YV7;
				ENABLE_HARDENED_RUNTIME = NO;
				GENERATE_INFOPLIST_FILE = YES;
				HEADER_SEARCH_PATHS = (
					"$(SRCROOT)/ffmpeg",
					"$(SRCROOT)/ffmpeg/libavcodec",
					"$(SRCROOT)/ffmpeg/libavformat",
				);
				INFOPLIST_FILE = LibAVExtension/Info.plist;
				INFOPLIST_KEY_CFBundleDisplayName = LibAVExtension;
				INFOPLIST_KEY_NSHumanReadableCopyright = "";
				LD_RUNPATH_SEARCH_PATHS = (
					"$(inherited)",
					"@executable_path/../Frameworks",
					"@executable_path/../../../../Frameworks",
				);
				LIBRARY_SEARCH_PATHS = (
					"$(inherited)",
					"$(PROJECT_DIR)/ffmpeg/libavcodec",
					"$(PROJECT_DIR)/ffmpeg/libavformat",
					"$(PROJECT_DIR)/ffmpeg/libavutil",
					"$(PROJECT_DIR)",
					"$(SDKROOT)/usr/lib/system",
				);
				MACOSX_DEPLOYMENT_TARGET = 15.0;
				MARKETING_VERSION = 1.0;
				PRODUCT_BUNDLE_IDENTIFIER = info.vade.LibAVExtensionHost.LibAVExtension;
				PRODUCT_NAME = "$(TARGET_NAME)";
				SDKROOT = macosx;
				SKIP_INSTALL = YES;
				SWIFT_EMIT_LOC_STRINGS = YES;
				SWIFT_INCLUDE_PATHS = "$(SRCROOT)/LibAVExtension/";
				SWIFT_OBJC_BRIDGING_HEADER = "LibAVExtension/LibAVExtension-Bridging-Header.h";
				SWIFT_OPTIMIZATION_LEVEL = "-Onone";
				SWIFT_VERSION = 5.0;
			};
			name = Debug;
		};
		1BACCBD32C52AE1D0018E44F /* Release */ = {
			isa = XCBuildConfiguration;
			buildSettings = {
				CLANG_ENABLE_MODULES = YES;
				CODE_SIGN_ENTITLEMENTS = LibAVExtension/LibAVExtension.entitlements;
				CODE_SIGN_STYLE = Automatic;
				CURRENT_PROJECT_VERSION = 1;
				DEVELOPMENT_TEAM = SHG3AW6YV7;
				ENABLE_HARDENED_RUNTIME = NO;
				GENERATE_INFOPLIST_FILE = YES;
				HEADER_SEARCH_PATHS = (
					"$(SRCROOT)/ffmpeg",
					"$(SRCROOT)/ffmpeg/libavcodec",
					"$(SRCROOT)/ffmpeg/libavformat",
				);
				INFOPLIST_FILE = LibAVExtension/Info.plist;
				INFOPLIST_KEY_CFBundleDisplayName = LibAVExtension;
				INFOPLIST_KEY_NSHumanReadableCopyright = "";
				LD_RUNPATH_SEARCH_PATHS = (
					"$(inherited)",
					"@executable_path/../Frameworks",
					"@executable_path/../../../../Frameworks",
				);
				LIBRARY_SEARCH_PATHS = (
					"$(inherited)",
					"$(PROJECT_DIR)/ffmpeg/libavcodec",
					"$(PROJECT_DIR)/ffmpeg/libavformat",
					"$(PROJECT_DIR)/ffmpeg/libavutil",
					"$(PROJECT_DIR)",
					"$(SDKROOT)/usr/lib/system",
				);
				MACOSX_DEPLOYMENT_TARGET = 15.0;
				MARKETING_VERSION = 1.0;
				PRODUCT_BUNDLE_IDENTIFIER = info.vade.LibAVExtensionHost.LibAVExtension;
				PRODUCT_NAME = "$(TARGET_NAME)";
				SDKROOT = macosx;
				SKIP_INSTALL = YES;
				SWIFT_EMIT_LOC_STRINGS = YES;
				SWIFT_INCLUDE_PATHS = "$(SRCROOT)/LibAVExtension/";
				SWIFT_OBJC_BRIDGING_HEADER = "LibAVExtension/LibAVExtension-Bridging-Header.h";
				SWIFT_VERSION = 5.0;
			};
			name = Release;
		};
/* End XCBuildConfiguration section */

/* Begin XCConfigurationList section */
		1BACCB902C52ACBE0018E44F /* Build configuration list for PBXProject "LibAVExtensionHost" */ = {
			isa = XCConfigurationList;
			buildConfigurations = (
				1BACCBB82C52ACBF0018E44F /* Debug */,
				1BACCBB92C52ACBF0018E44F /* Release */,
			);
			defaultConfigurationIsVisible = 0;
			defaultConfigurationName = Release;
		};
		1BACCBBA2C52ACBF0018E44F /* Build configuration list for PBXNativeTarget "LibAVExtensionHost" */ = {
			isa = XCConfigurationList;
			buildConfigurations = (
				1BACCBBB2C52ACBF0018E44F /* Debug */,
				1BACCBBC2C52ACBF0018E44F /* Release */,
			);
			defaultConfigurationIsVisible = 0;
			defaultConfigurationName = Release;
		};
		1BACCBBD2C52ACBF0018E44F /* Build configuration list for PBXNativeTarget "LibAVExtensionHostTests" */ = {
			isa = XCConfigurationList;
			buildConfigurations = (
				1BACCBBE2C52ACBF0018E44F /* Debug */,
				1BACCBBF2C52ACBF0018E44F /* Release */,
			);
			defaultConfigurationIsVisible = 0;
			defaultConfigurationName = Release;
		};
		1BACCBC02C52ACBF0018E44F /* Build configuration list for PBXNativeTarget "LibAVExtensionHostUITests" */ = {
			isa = XCConfigurationList;
			buildConfigurations = (
				1BACCBC12C52ACBF0018E44F /* Debug */,
				1BACCBC22C52ACBF0018E44F /* Release */,
			);
			defaultConfigurationIsVisible = 0;
			defaultConfigurationName = Release;
		};
		1BACCBD12C52AE1D0018E44F /* Build configuration list for PBXNativeTarget "LibAVExtension" */ = {
			isa = XCConfigurationList;
			buildConfigurations = (
				1BACCBD22C52AE1D0018E44F /* Debug */,
				1BACCBD32C52AE1D0018E44F /* Release */,
			);
			defaultConfigurationIsVisible = 0;
			defaultConfigurationName = Release;
		};
/* End XCConfigurationList section */
	};
	rootObject = 1BACCB8D2C52ACBE0018E44F /* Project object */;
}
